
Microsoft Visual Studio Solution File, Format Version 12.00
# Visual Studio Version 17
VisualStudioVersion = 17.12.35707.178 d17.12
MinimumVisualStudioVersion = 10.0.40219.1
Project("{FAE04EC0-301F-11D3-BF4B-00C04F79EFBC}") = "TestDemo", "TestDemo\TestDemo.csproj", "{1D16D33C-DDCF-4984-8B7C-16AC4A421D0A}"
EndProject
Global
	GlobalSection(SolutionConfigurationPlatforms) = preSolution
		Debug|Any CPU = Debug|Any CPU
		Release|Any CPU = Release|Any CPU
	EndGlobalSection
	GlobalSection(ProjectConfigurationPlatforms) = postSolution
		{1D16D33C-DDCF-4984-8B7C-16AC4A421D0A}.Debug|Any CPU.ActiveCfg = Debug|Any CPU
		{1D16D33C-DDCF-4984-8B7C-16AC4A421D0A}.Debug|Any CPU.Build.0 = Debug|Any CPU
		{1D16D33C-DDCF-4984-8B7C-16AC4A421D0A}.Release|Any CPU.ActiveCfg = Release|Any CPU
		{1D16D33C-DDCF-4984-8B7C-16AC4A421D0A}.Release|Any CPU.Build.0 = Release|Any CPU
	EndGlobalSection
	GlobalSection(SolutionProperties) = preSolution
		HideSolutionNode = FALSE
	EndGlobalSection
EndGlobal
